
Microsoft Visual Studio Solution File, Format Version 12.00
# Visual Studio Version 16
VisualStudioVersion = 16.0.31729.503
MinimumVisualStudioVersion = 10.0.40219.1
Project("{FAE04EC0-301F-11D3-BF4B-00C04F79EFBC}") = "Путешествуй по России", "Путешествуй по России\Путешествуй по России.csproj", "{31967C52-9249-4FD8-BD31-A8854762C0BE}"
EndProject
Global
	GlobalSection(SolutionConfigurationPlatforms) = preSolution
		Debug|Any CPU = Debug|Any CPU
		Release|Any CPU = Release|Any CPU
	EndGlobalSection
	GlobalSection(ProjectConfigurationPlatforms) = postSolution
		{31967C52-9249-4FD8-BD31-A8854762C0BE}.Debug|Any CPU.ActiveCfg = Debug|Any CPU
		{31967C52-9249-4FD8-BD31-A8854762C0BE}.Debug|Any CPU.Build.0 = Debug|Any CPU
		{31967C52-9249-4FD8-BD31-A8854762C0BE}.Release|Any CPU.ActiveCfg = Release|Any CPU
		{31967C52-9249-4FD8-BD31-A8854762C0BE}.Release|Any CPU.Build.0 = Release|Any CPU
	EndGlobalSection
	GlobalSection(SolutionProperties) = preSolution
		HideSolutionNode = FALSE
	EndGlobalSection
	GlobalSection(ExtensibilityGlobals) = postSolution
		SolutionGuid = {77D18A37-C68E-40DD-9134-8EE21D9C8A81}
	EndGlobalSection
EndGlobal
